// !$*UTF8*$!
{
	archiveVersion = 1;
	classes = {
	};
	objectVersion = 51;
	objects = {

/* Begin PBXBuildFile section */
		E87258A1E07FA6430FF463AD /* Pods_AppJokes.framework in Frameworks */ = {isa = PBXBuildFile; fileRef = BBE851EF7901E47118EE432D /* Pods_AppJokes.framework */; };
		F92113F62841FACA009F9830 /* SearchViewController.swift in Sources */ = {isa = PBXBuildFile; fileRef = F92113F52841FACA009F9830 /* SearchViewController.swift */; };
		F92113F92841FB10009F9830 /* PiadaViewController.swift in Sources */ = {isa = PBXBuildFile; fileRef = F92113F82841FB10009F9830 /* PiadaViewController.swift */; };
		F92113FF284201AA009F9830 /* Jokes.swift in Sources */ = {isa = PBXBuildFile; fileRef = F92113FE284201AA009F9830 /* Jokes.swift */; };
		F92114022842026A009F9830 /* JokeName.swift in Sources */ = {isa = PBXBuildFile; fileRef = F92114012842026A009F9830 /* JokeName.swift */; };
		F921140628420335009F9830 /* Service.swift in Sources */ = {isa = PBXBuildFile; fileRef = F921140528420335009F9830 /* Service.swift */; };
		F96BCFC1283EA0E100F0C596 /* AppDelegate.swift in Sources */ = {isa = PBXBuildFile; fileRef = F96BCFC0283EA0E100F0C596 /* AppDelegate.swift */; };
		F96BCFC3283EA0E100F0C596 /* SceneDelegate.swift in Sources */ = {isa = PBXBuildFile; fileRef = F96BCFC2283EA0E100F0C596 /* SceneDelegate.swift */; };
		F96BCFC5283EA0E100F0C596 /* ViewController.swift in Sources */ = {isa = PBXBuildFile; fileRef = F96BCFC4283EA0E100F0C596 /* ViewController.swift */; };
		F96BCFC8283EA0E100F0C596 /* Main.storyboard in Resources */ = {isa = PBXBuildFile; fileRef = F96BCFC6283EA0E100F0C596 /* Main.storyboard */; };
		F96BCFCA283EA0E600F0C596 /* Assets.xcassets in Resources */ = {isa = PBXBuildFile; fileRef = F96BCFC9283EA0E600F0C596 /* Assets.xcassets */; };
		F96BCFCD283EA0E600F0C596 /* LaunchScreen.storyboard in Resources */ = {isa = PBXBuildFile; fileRef = F96BCFCB283EA0E600F0C596 /* LaunchScreen.storyboard */; };
/* End PBXBuildFile section */

/* Begin PBXFileReference section */
		2899F27FE309CB32F39B1D29 /* Pods-AppJokes.debug.xcconfig */ = {isa = PBXFileReference; includeInIndex = 1; lastKnownFileType = text.xcconfig; name = "Pods-AppJokes.debug.xcconfig"; path = "Target Support Files/Pods-AppJokes/Pods-AppJokes.debug.xcconfig"; sourceTree = "<group>"; };
		4F5DCB8FE7035E4575177446 /* Pods-AppJokes.release.xcconfig */ = {isa = PBXFileReference; includeInIndex = 1; lastKnownFileType = text.xcconfig; name = "Pods-AppJokes.release.xcconfig"; path = "Target Support Files/Pods-AppJokes/Pods-AppJokes.release.xcconfig"; sourceTree = "<group>"; };
		BBE851EF7901E47118EE432D /* Pods_AppJokes.framework */ = {isa = PBXFileReference; explicitFileType = wrapper.framework; includeInIndex = 0; path = Pods_AppJokes.framework; sourceTree = BUILT_PRODUCTS_DIR; };
		F92113F52841FACA009F9830 /* SearchViewController.swift */ = {isa = PBXFileReference; lastKnownFileType = sourcecode.swift; path = SearchViewController.swift; sourceTree = "<group>"; };
		F92113F82841FB10009F9830 /* PiadaViewController.swift */ = {isa = PBXFileReference; lastKnownFileType = sourcecode.swift; path = PiadaViewController.swift; sourceTree = "<group>"; };
		F92113FE284201AA009F9830 /* Jokes.swift */ = {isa = PBXFileReference; lastKnownFileType = sourcecode.swift; path = Jokes.swift; sourceTree = "<group>"; };
		F92114012842026A009F9830 /* JokeName.swift */ = {isa = PBXFileReference; lastKnownFileType = sourcecode.swift; path = JokeName.swift; sourceTree = "<group>"; };
		F921140528420335009F9830 /* Service.swift */ = {isa = PBXFileReference; lastKnownFileType = sourcecode.swift; path = Service.swift; sourceTree = "<group>"; };
		F96BCFBD283EA0E100F0C596 /* AppJokes.app */ = {isa = PBXFileReference; explicitFileType = wrapper.application; includeInIndex = 0; path = AppJokes.app; sourceTree = BUILT_PRODUCTS_DIR; };
		F96BCFC0283EA0E100F0C596 /* AppDelegate.swift */ = {isa = PBXFileReference; lastKnownFileType = sourcecode.swift; path = AppDelegate.swift; sourceTree = "<group>"; };
		F96BCFC2283EA0E100F0C596 /* SceneDelegate.swift */ = {isa = PBXFileReference; lastKnownFileType = sourcecode.swift; path = SceneDelegate.swift; sourceTree = "<group>"; };
		F96BCFC4283EA0E100F0C596 /* ViewController.swift */ = {isa = PBXFileReference; lastKnownFileType = sourcecode.swift; path = ViewController.swift; sourceTree = "<group>"; };
		F96BCFC7283EA0E100F0C596 /* Base */ = {isa = PBXFileReference; lastKnownFileType = file.storyboard; name = Base; path = Base.lproj/Main.storyboard; sourceTree = "<group>"; };
		F96BCFC9283EA0E600F0C596 /* Assets.xcassets */ = {isa = PBXFileReference; lastKnownFileType = folder.assetcatalog; path = Assets.xcassets; sourceTree = "<group>"; };
		F96BCFCC283EA0E600F0C596 /* Base */ = {isa = PBXFileReference; lastKnownFileType = file.storyboard; name = Base; path = Base.lproj/LaunchScreen.storyboard; sourceTree = "<group>"; };
		F96BCFCE283EA0E600F0C596 /* Info.plist */ = {isa = PBXFileReference; lastKnownFileType = text.plist.xml; path = Info.plist; sourceTree = "<group>"; };
/* End PBXFileReference section */

/* Begin PBXFrameworksBuildPhase section */
		F96BCFBA283EA0E100F0C596 /* Frameworks */ = {
			isa = PBXFrameworksBuildPhase;
			buildActionMask = 2147483647;
			files = (
				E87258A1E07FA6430FF463AD /* Pods_AppJokes.framework in Frameworks */,
			);
			runOnlyForDeploymentPostprocessing = 0;
		};
/* End PBXFrameworksBuildPhase section */

/* Begin PBXGroup section */
		509174E5D25B0E0D9FD15C17 /* Pods */ = {
			isa = PBXGroup;
			children = (
				2899F27FE309CB32F39B1D29 /* Pods-AppJokes.debug.xcconfig */,
				4F5DCB8FE7035E4575177446 /* Pods-AppJokes.release.xcconfig */,
			);
			path = Pods;
			sourceTree = "<group>";
		};
		622DD9E9074A8ECA160AC2E7 /* Frameworks */ = {
			isa = PBXGroup;
			children = (
				BBE851EF7901E47118EE432D /* Pods_AppJokes.framework */,
			);
			name = Frameworks;
			sourceTree = "<group>";
		};
		F92113FC28420153009F9830 /* ViewController */ = {
			isa = PBXGroup;
			children = (
				F96BCFC4283EA0E100F0C596 /* ViewController.swift */,
				F92113F52841FACA009F9830 /* SearchViewController.swift */,
				F92113F82841FB10009F9830 /* PiadaViewController.swift */,
			);
			path = ViewController;
			sourceTree = "<group>";
		};
		F92113FD28420175009F9830 /* Model */ = {
			isa = PBXGroup;
			children = (
				F92113FE284201AA009F9830 /* Jokes.swift */,
				F92114012842026A009F9830 /* JokeName.swift */,
				F921140528420335009F9830 /* Service.swift */,
			);
			path = Model;
			sourceTree = "<group>";
		};
		F9211404284202FD009F9830 /* Network */ = {
			isa = PBXGroup;
			children = (
			);
			path = Network;
			sourceTree = "<group>";
		};
		F96BCFB4283EA0E100F0C596 = {
			isa = PBXGroup;
			children = (
				F96BCFBF283EA0E100F0C596 /* AppJokes */,
				F96BCFBE283EA0E100F0C596 /* Products */,
				509174E5D25B0E0D9FD15C17 /* Pods */,
				622DD9E9074A8ECA160AC2E7 /* Frameworks */,
			);
			sourceTree = "<group>";
		};
		F96BCFBE283EA0E100F0C596 /* Products */ = {
			isa = PBXGroup;
			children = (
				F96BCFBD283EA0E100F0C596 /* AppJokes.app */,
			);
			name = Products;
			sourceTree = "<group>";
		};
		F96BCFBF283EA0E100F0C596 /* AppJokes */ = {
			isa = PBXGroup;
			children = (
				F9211404284202FD009F9830 /* Network */,
				F92113FD28420175009F9830 /* Model */,
				F96BCFC0283EA0E100F0C596 /* AppDelegate.swift */,
				F96BCFC2283EA0E100F0C596 /* SceneDelegate.swift */,
				F92113FC28420153009F9830 /* ViewController */,
				F96BCFC6283EA0E100F0C596 /* Main.storyboard */,
				F96BCFC9283EA0E600F0C596 /* Assets.xcassets */,
				F96BCFCB283EA0E600F0C596 /* LaunchScreen.storyboard */,
				F96BCFCE283EA0E600F0C596 /* Info.plist */,
			);
			path = AppJokes;
			sourceTree = "<group>";
		};
/* End PBXGroup section */

/* Begin PBXNativeTarget section */
		F96BCFBC283EA0E100F0C596 /* AppJokes */ = {
			isa = PBXNativeTarget;
			buildConfigurationList = F96BCFD1283EA0E600F0C596 /* Build configuration list for PBXNativeTarget "AppJokes" */;
			buildPhases = (
				2E3F175FB5FDCCB466B98D5F /* [CP] Check Pods Manifest.lock */,
				F96BCFB9283EA0E100F0C596 /* Sources */,
				F96BCFBA283EA0E100F0C596 /* Frameworks */,
				F96BCFBB283EA0E100F0C596 /* Resources */,
				70DFAA2BB8822DA565DDED0E /* [CP] Embed Pods Frameworks */,
			);
			buildRules = (
			);
			dependencies = (
			);
			name = AppJokes;
			productName = AppJokes;
			productReference = F96BCFBD283EA0E100F0C596 /* AppJokes.app */;
			productType = "com.apple.product-type.application";
		};
/* End PBXNativeTarget section */

/* Begin PBXProject section */
		F96BCFB5283EA0E100F0C596 /* Project object */ = {
			isa = PBXProject;
			attributes = {
				LastSwiftUpdateCheck = 1240;
				LastUpgradeCheck = 1240;
				TargetAttributes = {
					F96BCFBC283EA0E100F0C596 = {
						CreatedOnToolsVersion = 12.4;
					};
				};
			};
			buildConfigurationList = F96BCFB8283EA0E100F0C596 /* Build configuration list for PBXProject "AppJokes" */;
			compatibilityVersion = "Xcode 9.3";
			developmentRegion = en;
			hasScannedForEncodings = 0;
			knownRegions = (
				en,
				Base,
			);
			mainGroup = F96BCFB4283EA0E100F0C596;
			productRefGroup = F96BCFBE283EA0E100F0C596 /* Products */;
			projectDirPath = "";
			projectRoot = "";
			targets = (
				F96BCFBC283EA0E100F0C596 /* AppJokes */,
			);
		};
/* End PBXProject section */

/* Begin PBXResourcesBuildPhase section */
		F96BCFBB283EA0E100F0C596 /* Resources */ = {
			isa = PBXResourcesBuildPhase;
			buildActionMask = 2147483647;
			files = (
				F96BCFCD283EA0E600F0C596 /* LaunchScreen.storyboard in Resources */,
				F96BCFCA283EA0E600F0C596 /* Assets.xcassets in Resources */,
				F96BCFC8283EA0E100F0C596 /* Main.storyboard in Resources */,
			);
			runOnlyForDeploymentPostprocessing = 0;
		};
/* End PBXResourcesBuildPhase section */

/* Begin PBXShellScriptBuildPhase section */
		2E3F175FB5FDCCB466B98D5F /* [CP] Check Pods Manifest.lock */ = {
			isa = PBXShellScriptBuildPhase;
			buildActionMask = 2147483647;
			files = (
			);
			inputFileListPaths = (
			);
			inputPaths = (
				"${PODS_PODFILE_DIR_PATH}/Podfile.lock",
				"${PODS_ROOT}/Manifest.lock",
			);
			name = "[CP] Check Pods Manifest.lock";
			outputFileListPaths = (
			);
			outputPaths = (
				"$(DERIVED_FILE_DIR)/Pods-AppJokes-checkManifestLockResult.txt",
			);
			runOnlyForDeploymentPostprocessing = 0;
			shellPath = /bin/sh;
			shellScript = "diff \"${PODS_PODFILE_DIR_PATH}/Podfile.lock\" \"${PODS_ROOT}/Manifest.lock\" > /dev/null\nif [ $? != 0 ] ; then\n    # print error to STDERR\n    echo \"error: The sandbox is not in sync with the Podfile.lock. Run 'pod install' or update your CocoaPods installation.\" >&2\n    exit 1\nfi\n# This output is used by Xcode 'outputs' to avoid re-running this script phase.\necho \"SUCCESS\" > \"${SCRIPT_OUTPUT_FILE_0}\"\n";
			showEnvVarsInLog = 0;
		};
		70DFAA2BB8822DA565DDED0E /* [CP] Embed Pods Frameworks */ = {
			isa = PBXShellScriptBuildPhase;
			buildActionMask = 2147483647;
			files = (
			);
			inputFileListPaths = (
				"${PODS_ROOT}/Target Support Files/Pods-AppJokes/Pods-AppJokes-frameworks-${CONFIGURATION}-input-files.xcfilelist",
			);
			name = "[CP] Embed Pods Frameworks";
			outputFileListPaths = (
				"${PODS_ROOT}/Target Support Files/Pods-AppJokes/Pods-AppJokes-frameworks-${CONFIGURATION}-output-files.xcfilelist",
			);
			runOnlyForDeploymentPostprocessing = 0;
			shellPath = /bin/sh;
			shellScript = "\"${PODS_ROOT}/Target Support Files/Pods-AppJokes/Pods-AppJokes-frameworks.sh\"\n";
			showEnvVarsInLog = 0;
		};
/* End PBXShellScriptBuildPhase section */

/* Begin PBXSourcesBuildPhase section */
		F96BCFB9283EA0E100F0C596 /* Sources */ = {
			isa = PBXSourcesBuildPhase;
			buildActionMask = 2147483647;
			files = (
				F92114022842026A009F9830 /* JokeName.swift in Sources */,
				F921140628420335009F9830 /* Service.swift in Sources */,
				F96BCFC5283EA0E100F0C596 /* ViewController.swift in Sources */,
				F96BCFC1283EA0E100F0C596 /* AppDelegate.swift in Sources */,
				F92113F92841FB10009F9830 /* PiadaViewController.swift in Sources */,
				F92113F62841FACA009F9830 /* SearchViewController.swift in Sources */,
				F92113FF284201AA009F9830 /* Jokes.swift in Sources */,
				F96BCFC3283EA0E100F0C596 /* SceneDelegate.swift in Sources */,
			);
			runOnlyForDeploymentPostprocessing = 0;
		};
/* End PBXSourcesBuildPhase section */

/* Begin PBXVariantGroup section */
		F96BCFC6283EA0E100F0C596 /* Main.storyboard */ = {
			isa = PBXVariantGroup;
			children = (
				F96BCFC7283EA0E100F0C596 /* Base */,
			);
			name = Main.storyboard;
			sourceTree = "<group>";
		};
		F96BCFCB283EA0E600F0C596 /* LaunchScreen.storyboard */ = {
			isa = PBXVariantGroup;
			children = (
				F96BCFCC283EA0E600F0C596 /* Base */,
			);
			name = LaunchScreen.storyboard;
			sourceTree = "<group>";
		};
/* End PBXVariantGroup section */

/* Begin XCBuildConfiguration section */
		F96BCFCF283EA0E600F0C596 /* Debug */ = {
			isa = XCBuildConfiguration;
			buildSettings = {
				ALWAYS_SEARCH_USER_PATHS = NO;
				CLANG_ANALYZER_NONNULL = YES;
				CLANG_ANALYZER_NUMBER_OBJECT_CONVERSION = YES_AGGRESSIVE;
				CLANG_CXX_LANGUAGE_STANDARD = "gnu++14";
				CLANG_CXX_LIBRARY = "libc++";
				CLANG_ENABLE_MODULES = YES;
				CLANG_ENABLE_OBJC_ARC = YES;
				CLANG_ENABLE_OBJC_WEAK = YES;
				CLANG_WARN_BLOCK_CAPTURE_AUTORELEASING = YES;
				CLANG_WARN_BOOL_CONVERSION = YES;
				CLANG_WARN_COMMA = YES;
				CLANG_WARN_CONSTANT_CONVERSION = YES;
				CLANG_WARN_DEPRECATED_OBJC_IMPLEMENTATIONS = YES;
				CLANG_WARN_DIRECT_OBJC_ISA_USAGE = YES_ERROR;
				CLANG_WARN_DOCUMENTATION_COMMENTS = YES;
				CLANG_WARN_EMPTY_BODY = YES;
				CLANG_WARN_ENUM_CONVERSION = YES;
				CLANG_WARN_INFINITE_RECURSION = YES;
				CLANG_WARN_INT_CONVERSION = YES;
				CLANG_WARN_NON_LITERAL_NULL_CONVERSION = YES;
				CLANG_WARN_OBJC_IMPLICIT_RETAIN_SELF = YES;
				CLANG_WARN_OBJC_LITERAL_CONVERSION = YES;
				CLANG_WARN_OBJC_ROOT_CLASS = YES_ERROR;
				CLANG_WARN_QUOTED_INCLUDE_IN_FRAMEWORK_HEADER = YES;
				CLANG_WARN_RANGE_LOOP_ANALYSIS = YES;
				CLANG_WARN_STRICT_PROTOTYPES = YES;
				CLANG_WARN_SUSPICIOUS_MOVE = YES;
				CLANG_WARN_UNGUARDED_AVAILABILITY = YES_AGGRESSIVE;
				CLANG_WARN_UNREACHABLE_CODE = YES;
				CLANG_WARN__DUPLICATE_METHOD_MATCH = YES;
				COPY_PHASE_STRIP = NO;
				DEBUG_INFORMATION_FORMAT = dwarf;
				ENABLE_STRICT_OBJC_MSGSEND = YES;
				ENABLE_TESTABILITY = YES;
				GCC_C_LANGUAGE_STANDARD = gnu11;
				GCC_DYNAMIC_NO_PIC = NO;
				GCC_NO_COMMON_BLOCKS = YES;
				GCC_OPTIMIZATION_LEVEL = 0;
				GCC_PREPROCESSOR_DEFINITIONS = (
					"DEBUG=1",
					"$(inherited)",
				);
				GCC_WARN_64_TO_32_BIT_CONVERSION = YES;
				GCC_WARN_ABOUT_RETURN_TYPE = YES_ERROR;
				GCC_WARN_UNDECLARED_SELECTOR = YES;
				GCC_WARN_UNINITIALIZED_AUTOS = YES_AGGRESSIVE;
				GCC_WARN_UNUSED_FUNCTION = YES;
				GCC_WARN_UNUSED_VARIABLE = YES;
				IPHONEOS_DEPLOYMENT_TARGET = 14.4;
				MTL_ENABLE_DEBUG_INFO = INCLUDE_SOURCE;
				MTL_FAST_MATH = YES;
				ONLY_ACTIVE_ARCH = YES;
				SDKROOT = iphoneos;
				SWIFT_ACTIVE_COMPILATION_CONDITIONS = DEBUG;
				SWIFT_OPTIMIZATION_LEVEL = "-Onone";
			};
			name = Debug;
		};
		F96BCFD0283EA0E600F0C596 /* Release */ = {
			isa = XCBuildConfiguration;
			buildSettings = {
				ALWAYS_SEARCH_USER_PATHS = NO;
				CLANG_ANALYZER_NONNULL = YES;
				CLANG_ANALYZER_NUMBER_OBJECT_CONVERSION = YES_AGGRESSIVE;
				CLANG_CXX_LANGUAGE_STANDARD = "gnu++14";
				CLANG_CXX_LIBRARY = "libc++";
				CLANG_ENABLE_MODULES = YES;
				CLANG_ENABLE_OBJC_ARC = YES;
				CLANG_ENABLE_OBJC_WEAK = YES;
				CLANG_WARN_BLOCK_CAPTURE_AUTORELEASING = YES;
				CLANG_WARN_BOOL_CONVERSION = YES;
				CLANG_WARN_COMMA = YES;
				CLANG_WARN_CONSTANT_CONVERSION = YES;
				CLANG_WARN_DEPRECATED_OBJC_IMPLEMENTATIONS = YES;
				CLANG_WARN_DIRECT_OBJC_ISA_USAGE = YES_ERROR;
				CLANG_WARN_DOCUMENTATION_COMMENTS = YES;
				CLANG_WARN_EMPTY_BODY = YES;
				CLANG_WARN_ENUM_CONVERSION = YES;
				CLANG_WARN_INFINITE_RECURSION = YES;
				CLANG_WARN_INT_CONVERSION = YES;
				CLANG_WARN_NON_LITERAL_NULL_CONVERSION = YES;
				CLANG_WARN_OBJC_IMPLICIT_RETAIN_SELF = YES;
				CLANG_WARN_OBJC_LITERAL_CONVERSION = YES;
				CLANG_WARN_OBJC_ROOT_CLASS = YES_ERROR;
				CLANG_WARN_QUOTED_INCLUDE_IN_FRAMEWORK_HEADER = YES;
				CLANG_WARN_RANGE_LOOP_ANALYSIS = YES;
				CLANG_WARN_STRICT_PROTOTYPES = YES;
				CLANG_WARN_SUSPICIOUS_MOVE = YES;
				CLANG_WARN_UNGUARDED_AVAILABILITY = YES_AGGRESSIVE;
				CLANG_WARN_UNREACHABLE_CODE = YES;
				CLANG_WARN__DUPLICATE_METHOD_MATCH = YES;
				COPY_PHASE_STRIP = NO;
				DEBUG_INFORMATION_FORMAT = "dwarf-with-dsym";
				ENABLE_NS_ASSERTIONS = NO;
				ENABLE_STRICT_OBJC_MSGSEND = YES;
				GCC_C_LANGUAGE_STANDARD = gnu11;
				GCC_NO_COMMON_BLOCKS = YES;
				GCC_WARN_64_TO_32_BIT_CONVERSION = YES;
				GCC_WARN_ABOUT_RETURN_TYPE = YES_ERROR;
				GCC_WARN_UNDECLARED_SELECTOR = YES;
				GCC_WARN_UNINITIALIZED_AUTOS = YES_AGGRESSIVE;
				GCC_WARN_UNUSED_FUNCTION = YES;
				GCC_WARN_UNUSED_VARIABLE = YES;
				IPHONEOS_DEPLOYMENT_TARGET = 14.4;
				MTL_ENABLE_DEBUG_INFO = NO;
				MTL_FAST_MATH = YES;
				SDKROOT = iphoneos;
				SWIFT_COMPILATION_MODE = wholemodule;
				SWIFT_OPTIMIZATION_LEVEL = "-O";
				VALIDATE_PRODUCT = YES;
			};
			name = Release;
		};
		F96BCFD2283EA0E600F0C596 /* Debug */ = {
			isa = XCBuildConfiguration;
			baseConfigurationReference = 2899F27FE309CB32F39B1D29 /* Pods-AppJokes.debug.xcconfig */;
			buildSettings = {
				ASSETCATALOG_COMPILER_APPICON_NAME = AppIcon;
				ASSETCATALOG_COMPILER_GLOBAL_ACCENT_COLOR_NAME = AccentColor;
				CODE_SIGN_STYLE = Automatic;
				INFOPLIST_FILE = AppJokes/Info.plist;
				LD_RUNPATH_SEARCH_PATHS = (
					"$(inherited)",
					"@executable_path/Frameworks",
				);
				PRODUCT_BUNDLE_IDENTIFIER = com.marianamassaki.AppJokes;
				PRODUCT_NAME = "$(TARGET_NAME)";
				SWIFT_VERSION = 5.0;
				TARGETED_DEVICE_FAMILY = "1,2";
			};
			name = Debug;
		};
		F96BCFD3283EA0E600F0C596 /* Release */ = {
			isa = XCBuildConfiguration;
			baseConfigurationReference = 4F5DCB8FE7035E4575177446 /* Pods-AppJokes.release.xcconfig */;
			buildSettings = {
				ASSETCATALOG_COMPILER_APPICON_NAME = AppIcon;
				ASSETCATALOG_COMPILER_GLOBAL_ACCENT_COLOR_NAME = AccentColor;
				CODE_SIGN_STYLE = Automatic;
				INFOPLIST_FILE = AppJokes/Info.plist;
				LD_RUNPATH_SEARCH_PATHS = (
					"$(inherited)",
					"@executable_path/Frameworks",
				);
				PRODUCT_BUNDLE_IDENTIFIER = com.marianamassaki.AppJokes;
				PRODUCT_NAME = "$(TARGET_NAME)";
				SWIFT_VERSION = 5.0;
				TARGETED_DEVICE_FAMILY = "1,2";
			};
			name = Release;
		};
/* End XCBuildConfiguration section */

/* Begin XCConfigurationList section */
		F96BCFB8283EA0E100F0C596 /* Build configuration list for PBXProject "AppJokes" */ = {
			isa = XCConfigurationList;
			buildConfigurations = (
				F96BCFCF283EA0E600F0C596 /* Debug */,
				F96BCFD0283EA0E600F0C596 /* Release */,
			);
			defaultConfigurationIsVisible = 0;
			defaultConfigurationName = Release;
		};
		F96BCFD1283EA0E600F0C596 /* Build configuration list for PBXNativeTarget "AppJokes" */ = {
			isa = XCConfigurationList;
			buildConfigurations = (
				F96BCFD2283EA0E600F0C596 /* Debug */,
				F96BCFD3283EA0E600F0C596 /* Release */,
			);
			defaultConfigurationIsVisible = 0;
			defaultConfigurationName = Release;
		};
/* End XCConfigurationList section */
	};
	rootObject = F96BCFB5283EA0E100F0C596 /* Project object */;
}
